<?xml version="1.0" encoding="utf-8"?>
<Project ToolsVersion="4.0" xmlns="http://schemas.microsoft.com/developer/msbuild/2003">
  <ItemGroup>
    <Filter Include="Source Files">
      <UniqueIdentifier>{4FC737F1-C7A5-4376-A066-2A32D752A2FF}</UniqueIdentifier>
      <Extensions>cpp;c;cc;cxx;c++;cppm;ixx;def;odl;idl;hpj;bat;asm;asmx</Extensions>
    </Filter>
    <Filter Include="Header Files">
      <UniqueIdentifier>{93995380-89BD-4b04-88EB-625FBE52EBFB}</UniqueIdentifier>
      <Extensions>h;hh;hpp;hxx;h++;hm;inl;inc;ipp;xsd</Extensions>
    </Filter>
    <Filter Include="Header Files\mapas">
      <UniqueIdentifier>{798bacd7-62eb-40ba-9880-bcb2c6254b96}</UniqueIdentifier>
    </Filter>
    <Filter Include="Source Files\mapas">
      <UniqueIdentifier>{190189cd-97a1-4162-94e4-ecbf3fb13bf9}</UniqueIdentifier>
    </Filter>
    <Filter Include="Header Files\jogo">
      <UniqueIdentifier>{d55bec0e-1e68-4432-ac80-293fce18deca}</UniqueIdentifier>
    </Filter>
    <Filter Include="Source Files\jogo">
      <UniqueIdentifier>{3b908f8d-33c6-4adb-a004-0a72683ac861}</UniqueIdentifier>
    </Filter>
    <Filter Include="Header Files\enum">
      <UniqueIdentifier>{ed687d4c-a637-4dfa-b7ea-d8b06730a05e}</UniqueIdentifier>
    </Filter>
  </ItemGroup>
  <ItemGroup>
    <ClCompile Include="main.c">
      <Filter>Source Files</Filter>
    </ClCompile>
    <ClCompile Include="MAPA_CENTRO.c">
      <Filter>Source Files\mapas</Filter>
    </ClCompile>
    <ClCompile Include="MAPA.c">
      <Filter>Source Files\mapas</Filter>
    </ClCompile>
    <ClCompile Include="REGRA.c">
      <Filter>Source Files\jogo</Filter>
    </ClCompile>
    <ClCompile Include="MAPA_4.c">
      <Filter>Source Files\mapas</Filter>
    </ClCompile>
    <ClCompile Include="MAPA_1.c">
      <Filter>Source Files\mapas</Filter>
    </ClCompile>
    <ClCompile Include="MAPA_2.c">
      <Filter>Source Files\mapas</Filter>
    </ClCompile>
    <ClCompile Include="MAPA_3.c">
      <Filter>Source Files\mapas</Filter>
    </ClCompile>
    <ClCompile Include="animation.c">
      <Filter>Source Files\jogo</Filter>
    </ClCompile>
    <ClCompile Include="ACTION.c">
      <Filter>Source Files\jogo</Filter>
    </ClCompile>
    <ClCompile Include="PLAYER.h">
      <Filter>Header Files\jogo</Filter>
    </ClCompile>
    <ClCompile Include="eventos.c">
      <Filter>Source Files\jogo</Filter>
    </ClCompile>
    <ClCompile Include="PLAYER.c">
      <Filter>Source Files\jogo</Filter>
    </ClCompile>
    <ClCompile Include="AL_MAPA.c">
      <Filter>Source Files\mapas</Filter>
    </ClCompile>
  </ItemGroup>
  <ItemGroup>
    <None Include="packages.config" />
  </ItemGroup>
  <ItemGroup>
    <ClInclude Include="config.h">
      <Filter>Header Files</Filter>
    </ClInclude>
    <ClInclude Include="MAPA_CENTRO.h">
      <Filter>Header Files\mapas</Filter>
    </ClInclude>
    <ClInclude Include="MAPA.h">
      <Filter>Header Files\mapas</Filter>
    </ClInclude>
    <ClInclude Include="REGRA.h">
      <Filter>Header Files\jogo</Filter>
    </ClInclude>
    <ClInclude Include="MAPA_4.h">
      <Filter>Header Files\mapas</Filter>
    </ClInclude>
    <ClInclude Include="MAPA_1.h">
      <Filter>Header Files\mapas</Filter>
    </ClInclude>
    <ClInclude Include="MAPA_2.h">
      <Filter>Header Files\mapas</Filter>
    </ClInclude>
    <ClInclude Include="MAPA_3.h">
      <Filter>Header Files\mapas</Filter>
    </ClInclude>
    <ClInclude Include="animation.h">
      <Filter>Header Files\jogo</Filter>
    </ClInclude>
    <ClInclude Include="ACTION.h">
      <Filter>Header Files\jogo</Filter>
    </ClInclude>
    <ClInclude Include="AL_MAPA.h">
      <Filter>Header Files\mapas</Filter>
    </ClInclude>
    <ClInclude Include="eventos.h">
      <Filter>Header Files\jogo</Filter>
    </ClInclude>
    <ClInclude Include="SENTIDO.h">
      <Filter>Header Files\enum</Filter>
    </ClInclude>
    <ClInclude Include="STATUS.h">
      <Filter>Header Files\enum</Filter>
    </ClInclude>
  </ItemGroup>
</Project>