<?xml version="1.0" encoding="utf-8"?>
<Project ToolsVersion="4.0" xmlns="http://schemas.microsoft.com/developer/msbuild/2003">
  <ItemGroup>
    <Filter Include="Source Files">
      <UniqueIdentifier>{4FC737F1-C7A5-4376-A066-2A32D752A2FF}</UniqueIdentifier>
      <Extensions>cpp;c;cc;cxx;c++;cppm;ixx;def;odl;idl;hpj;bat;asm;asmx</Extensions>
    </Filter>
    <Filter Include="Header Files">
      <UniqueIdentifier>{93995380-89BD-4b04-88EB-625FBE52EBFB}</UniqueIdentifier>
      <Extensions>h;hh;hpp;hxx;h++;hm;inl;inc;ipp;xsd</Extensions>
    </Filter>
    <Filter Include="Resource Files">
      <UniqueIdentifier>{67DA6AB6-F800-4c08-8B7A-83BB121AAD01}</UniqueIdentifier>
      <Extensions>rc;ico;cur;bmp;dlg;rc2;rct;bin;rgs;gif;jpg;jpeg;jpe;resx;tiff;tif;png;wav;mfcribbon-ms</Extensions>
    </Filter>
    <Filter Include="Source Files\enums">
      <UniqueIdentifier>{67dd82ad-efab-4e6c-88f4-b650d036666a}</UniqueIdentifier>
    </Filter>
    <Filter Include="Header Files\mapas">
      <UniqueIdentifier>{798bacd7-62eb-40ba-9880-bcb2c6254b96}</UniqueIdentifier>
    </Filter>
    <Filter Include="Source Files\mapas">
      <UniqueIdentifier>{190189cd-97a1-4162-94e4-ecbf3fb13bf9}</UniqueIdentifier>
    </Filter>
    <Filter Include="Header Files\jogo">
      <UniqueIdentifier>{d55bec0e-1e68-4432-ac80-293fce18deca}</UniqueIdentifier>
    </Filter>
    <Filter Include="Source Files\jogo">
      <UniqueIdentifier>{3b908f8d-33c6-4adb-a004-0a72683ac861}</UniqueIdentifier>
    </Filter>
  </ItemGroup>
  <ItemGroup>
    <ClCompile Include="main.c">
      <Filter>Source Files</Filter>
    </ClCompile>
    <ClCompile Include="eventos.c">
      <Filter>Source Files</Filter>
    </ClCompile>
    <ClCompile Include="player.h">
      <Filter>Header Files</Filter>
    </ClCompile>
    <ClCompile Include="Mapa_item.h">
      <Filter>Header Files</Filter>
    </ClCompile>
    <ClCompile Include="desenha_mapa.c">
      <Filter>Source Files</Filter>
    </ClCompile>
    <ClCompile Include="MAPA_CENTRO.c">
      <Filter>Source Files\mapas</Filter>
    </ClCompile>
    <ClCompile Include="MAPA.c">
      <Filter>Source Files\mapas</Filter>
    </ClCompile>
    <ClCompile Include="REGRA.c">
      <Filter>Source Files\jogo</Filter>
    </ClCompile>
    <ClCompile Include="MAPA_4.c">
      <Filter>Source Files\mapas</Filter>
    </ClCompile>
    <ClCompile Include="MAPA_1.c">
      <Filter>Source Files\mapas</Filter>
    </ClCompile>
    <ClCompile Include="MAPA_2.c">
      <Filter>Source Files\mapas</Filter>
    </ClCompile>
    <ClCompile Include="MAPA_3.c">
      <Filter>Source Files\mapas</Filter>
    </ClCompile>
    <ClCompile Include="animation.c">
      <Filter>Source Files\jogo</Filter>
    </ClCompile>
    <ClCompile Include="ACTION.c">
      <Filter>Source Files\jogo</Filter>
    </ClCompile>
  </ItemGroup>
  <ItemGroup>
    <None Include="packages.config" />
  </ItemGroup>
  <ItemGroup>
    <ClInclude Include="eventos.h">
      <Filter>Header Files</Filter>
    </ClInclude>
    <ClInclude Include="mapa_vila.h">
      <Filter>Header Files</Filter>
    </ClInclude>
    <ClInclude Include="resource.h">
      <Filter>Header Files</Filter>
    </ClInclude>
    <ClInclude Include="resource1.h">
      <Filter>Header Files</Filter>
    </ClInclude>
    <ClInclude Include="resource2.h">
      <Filter>Header Files</Filter>
    </ClInclude>
    <ClInclude Include="resource3.h">
      <Filter>Header Files</Filter>
    </ClInclude>
    <ClInclude Include="resource4.h">
      <Filter>Header Files</Filter>
    </ClInclude>
    <ClInclude Include="config.h">
      <Filter>Header Files</Filter>
    </ClInclude>
    <ClInclude Include="Mapa_npc.h">
      <Filter>Header Files</Filter>
    </ClInclude>
    <ClInclude Include="desenha_mapa.h">
      <Filter>Header Files</Filter>
    </ClInclude>
    <ClInclude Include="AL_MAPA.h">
      <Filter>Header Files</Filter>
    </ClInclude>
    <ClInclude Include="MAPA_CENTRO.h">
      <Filter>Header Files\mapas</Filter>
    </ClInclude>
    <ClInclude Include="MAPA.h">
      <Filter>Header Files\mapas</Filter>
    </ClInclude>
    <ClInclude Include="REGRA.h">
      <Filter>Header Files\jogo</Filter>
    </ClInclude>
    <ClInclude Include="SENTIDO.h">
      <Filter>Header Files\jogo</Filter>
    </ClInclude>
    <ClInclude Include="MAPA_4.h">
      <Filter>Header Files\mapas</Filter>
    </ClInclude>
    <ClInclude Include="MAPA_1.h">
      <Filter>Header Files\mapas</Filter>
    </ClInclude>
    <ClInclude Include="MAPA_2.h">
      <Filter>Header Files\mapas</Filter>
    </ClInclude>
    <ClInclude Include="MAPA_3.h">
      <Filter>Header Files\mapas</Filter>
    </ClInclude>
    <ClInclude Include="animation.h">
      <Filter>Header Files\jogo</Filter>
    </ClInclude>
    <ClInclude Include="ACTION.h">
      <Filter>Header Files\jogo</Filter>
    </ClInclude>
  </ItemGroup>
  <ItemGroup>
    <Text Include="vila.txt" />
  </ItemGroup>
  <ItemGroup>
    <Image Include="..\..\..\..\tiled maps\mapaTeste.png">
      <Filter>Source Files</Filter>
    </Image>
  </ItemGroup>
</Project>